
Microsoft Visual Studio Solution File, Format Version 12.00
# Visual Studio 15
VisualStudioVersion = 15.0.27703.2018
MinimumVisualStudioVersion = 10.0.40219.1
Project("{8BC9CEB8-8B4A-11D0-8D11-00A0C91BC942}") = "Sandbox", "Sandbox\Sandbox.vcxproj", "{A15E6215-A4ED-46B9-999D-0027043B12DD}"
EndProject
Project("{8BC9CEB8-8B4A-11D0-8D11-00A0C91BC942}") = "Hazel", "Hazel\Hazel.vcxproj", "{AFDB09BA-E156-4B64-8835-07315EAD2505}"
EndProject
Global
	GlobalSection(SolutionConfigurationPlatforms) = preSolution
		Debug|x64 = Debug|x64
		Release|x64 = Release|x64
	EndGlobalSection
	GlobalSection(ProjectConfigurationPlatforms) = postSolution
		{AFDB09BA-E156-4B64-8835-07315EAD2505}.Debug|x64.ActiveCfg = Debug|x64
		{AFDB09BA-E156-4B64-8835-07315EAD2505}.Debug|x64.Build.0 = Debug|x64
		{AFDB09BA-E156-4B64-8835-07315EAD2505}.Release|x64.ActiveCfg = Release|x64
		{AFDB09BA-E156-4B64-8835-07315EAD2505}.Release|x64.Build.0 = Release|x64
		{A15E6215-A4ED-46B9-999D-0027043B12DD}.Debug|x64.ActiveCfg = Debug|x64
		{A15E6215-A4ED-46B9-999D-0027043B12DD}.Debug|x64.Build.0 = Debug|x64
		{A15E6215-A4ED-46B9-999D-0027043B12DD}.Release|x64.ActiveCfg = Release|x64
		{A15E6215-A4ED-46B9-999D-0027043B12DD}.Release|x64.Build.0 = Release|x64
	EndGlobalSection
	GlobalSection(SolutionProperties) = preSolution
		HideSolutionNode = FALSE
	EndGlobalSection
	GlobalSection(ExtensibilityGlobals) = postSolution
		SolutionGuid = {90451CC7-751B-4C3C-BA5D-60CD0F716CE9}
	EndGlobalSection
EndGlobal
